
Microsoft Visual Studio Solution File, Format Version 11.00
# Visual C++ Express 2010
Project("{8BC9CEB8-8B4A-11D0-8D11-00A0C91BC942}") = "networkProject1_client", "networkProject1_client\networkProject1_client.vcxproj", "{DFFD91AF-40D3-4EDA-82EC-898C92FC6901}"
EndProject
Global
	GlobalSection(SolutionConfigurationPlatforms) = preSolution
		Debug|Win32 = Debug|Win32
		Release|Win32 = Release|Win32
	EndGlobalSection
	GlobalSection(ProjectConfigurationPlatforms) = postSolution
		{DFFD91AF-40D3-4EDA-82EC-898C92FC6901}.Debug|Win32.ActiveCfg = Debug|Win32
		{DFFD91AF-40D3-4EDA-82EC-898C92FC6901}.Debug|Win32.Build.0 = Debug|Win32
		{DFFD91AF-40D3-4EDA-82EC-898C92FC6901}.Release|Win32.ActiveCfg = Release|Win32
		{DFFD91AF-40D3-4EDA-82EC-898C92FC6901}.Release|Win32.Build.0 = Release|Win32
	EndGlobalSection
	GlobalSection(SolutionProperties) = preSolution
		HideSolutionNode = FALSE
	EndGlobalSection
EndGlobal
